{
  "name": "yaml2json-loader",
  "version": "0.5.2",
  "lockfileVersion": 1,
  "requires": true,
  "dependencies": {
    "argparse": {
      "version": "https://artifactory.prod.lkt.is/artifactory/api/npm/npmjs/argparse/-/argparse-1.0.9.tgz",
      "integrity": "sha1-c9g7wmP4bpf4zE9rrhsOkKfSLIY=",
      "requires": {
        "sprintf-js": "https://artifactory.prod.lkt.is/artifactory/api/npm/npmjs/sprintf-js/-/sprintf-js-1.0.3.tgz"
      }
    },
    "esprima": {
      "version": "https://registry.npmjs.org/esprima/-/esprima-4.0.0.tgz",
      "integrity": "sha1-RJnt3NERDgshi6zy+n9/WfVcqAQ="
    },
    "js-yaml": {
      "version": "https://registry.npmjs.org/js-yaml/-/js-yaml-3.9.1.tgz",
      "integrity": "sha1-CHdc69/dNZIJ8NKs04PI+GppBKA=",
      "requires": {
        "argparse": "https://artifactory.prod.lkt.is/artifactory/api/npm/npmjs/argparse/-/argparse-1.0.9.tgz",
        "esprima": "https://registry.npmjs.org/esprima/-/esprima-4.0.0.tgz"
      }
    },
    "sprintf-js": {
      "version": "https://artifactory.prod.lkt.is/artifactory/api/npm/npmjs/sprintf-js/-/sprintf-js-1.0.3.tgz",
      "integrity": "sha1-BOaSb2YolTVPPdAVIDYzuFcpfiw="
    }
  }
}
